
Microsoft Visual Studio Solution File, Format Version 12.00
# Visual Studio Version 17
VisualStudioVersion = 17.14.36429.23 d17.14
MinimumVisualStudioVersion = 10.0.40219.1
Project("{FAE04EC0-301F-11D3-BF4B-00C04F79EFBC}") = "VistasBlazor", "VistasBlazor\VistasBlazor.csproj", "{0CFA5B4F-44DF-46FA-AA0F-064D91516B9B}"
EndProject
Global
	GlobalSection(SolutionConfigurationPlatforms) = preSolution
		Debug|Any CPU = Debug|Any CPU
		Release|Any CPU = Release|Any CPU
	EndGlobalSection
	GlobalSection(ProjectConfigurationPlatforms) = postSolution
		{0CFA5B4F-44DF-46FA-AA0F-064D91516B9B}.Debug|Any CPU.ActiveCfg = Debug|Any CPU
		{0CFA5B4F-44DF-46FA-AA0F-064D91516B9B}.Debug|Any CPU.Build.0 = Debug|Any CPU
		{0CFA5B4F-44DF-46FA-AA0F-064D91516B9B}.Release|Any CPU.ActiveCfg = Release|Any CPU
		{0CFA5B4F-44DF-46FA-AA0F-064D91516B9B}.Release|Any CPU.Build.0 = Release|Any CPU
	EndGlobalSection
	GlobalSection(SolutionProperties) = preSolution
		HideSolutionNode = FALSE
	EndGlobalSection
	GlobalSection(ExtensibilityGlobals) = postSolution
		SolutionGuid = {AFE3B6E0-AFDC-4D13-9E84-AA1AEA4EA208}
	EndGlobalSection
EndGlobal
